
Microsoft Visual Studio Solution File, Format Version 12.00
# Visual Studio Version 16
VisualStudioVersion = 16.0.30907.101
MinimumVisualStudioVersion = 10.0.40219.1
Project("{FAE04EC0-301F-11D3-BF4B-00C04F79EFBC}") = "Lib", "Lib\Lib.csproj", "{6CC38306-207B-4ED9-A2D7-C97C11C00B20}"
EndProject
Project("{FAE04EC0-301F-11D3-BF4B-00C04F79EFBC}") = "Repro", "Repro\Repro.csproj", "{764D6B86-F3B2-47E8-B53A-5BA4F52F98AC}"
EndProject
Global
	GlobalSection(SolutionConfigurationPlatforms) = preSolution
		Debug|Any CPU = Debug|Any CPU
		Release|Any CPU = Release|Any CPU
	EndGlobalSection
	GlobalSection(ProjectConfigurationPlatforms) = postSolution
		{6CC38306-207B-4ED9-A2D7-C97C11C00B20}.Debug|Any CPU.ActiveCfg = Debug|Any CPU
		{6CC38306-207B-4ED9-A2D7-C97C11C00B20}.Debug|Any CPU.Build.0 = Debug|Any CPU
		{6CC38306-207B-4ED9-A2D7-C97C11C00B20}.Release|Any CPU.ActiveCfg = Release|Any CPU
		{6CC38306-207B-4ED9-A2D7-C97C11C00B20}.Release|Any CPU.Build.0 = Release|Any CPU
		{764D6B86-F3B2-47E8-B53A-5BA4F52F98AC}.Debug|Any CPU.ActiveCfg = Debug|Any CPU
		{764D6B86-F3B2-47E8-B53A-5BA4F52F98AC}.Debug|Any CPU.Build.0 = Debug|Any CPU
		{764D6B86-F3B2-47E8-B53A-5BA4F52F98AC}.Release|Any CPU.ActiveCfg = Release|Any CPU
		{764D6B86-F3B2-47E8-B53A-5BA4F52F98AC}.Release|Any CPU.Build.0 = Release|Any CPU
	EndGlobalSection
	GlobalSection(SolutionProperties) = preSolution
		HideSolutionNode = FALSE
	EndGlobalSection
	GlobalSection(ExtensibilityGlobals) = postSolution
		SolutionGuid = {E78337CE-6974-4AC0-A919-7D6E68883404}
	EndGlobalSection
EndGlobal
